github.com/cbot918/gob v0.0.2 h1:w2Dps7psx1tkHcnNcBmDzMuo+j0XEVA8+Hpt0iPzoDI=
github.com/cbot918/gob v0.0.2/go.mod h1:V9dEoMNXvksPRrWl55PWI4b4XXHXkqpztu+CujHl3W4=
github.com/cbot918/liby v1.0.4 h1:tfstarmNmUu1zbbjPOpWKpnVqF4zgaOzDZuYc2qepP8=
github.com/cbot918/liby v1.0.4/go.mod h1:vSLjMJg0diedGrIyWnBKwYzBLzHByf6jYYxp1+3c7AY=
