github.com/cbot918/liby v1.0.4 h1:tfstarmNmUu1zbbjPOpWKpnVqF4zgaOzDZuYc2qepP8=
github.com/cbot918/liby v1.0.4/go.mod h1:vSLjMJg0diedGrIyWnBKwYzBLzHByf6jYYxp1+3c7AY=
github.com/cbot918/liby v1.1.0 h1:MqZVgxJkr1o42KO/KP7wm9vbPNexPmUy4SAuWjg47rs=
github.com/cbot918/liby v1.1.0/go.mod h1:tQ4DTzdwj6DKF/0vJr+HRJuawFwyy2jlwOz5QHUIpv8=
